// !$*UTF8*$!
{
	archiveVersion = 1;
	classes = {
	};
	objectVersion = 46;
	objects = {

/* Begin PBXBuildFile section */
		597FD614149100A800D17F10 /* done.png in Resources */ = {isa = PBXBuildFile; fileRef = 597FD613149100A800D17F10 /* done.png */; };
		599470BA1490E9AB00075501 /* UIKit.framework in Frameworks */ = {isa = PBXBuildFile; fileRef = 599470B91490E9AB00075501 /* UIKit.framework */; };
		599470BC1490E9AB00075501 /* Foundation.framework in Frameworks */ = {isa = PBXBuildFile; fileRef = 599470BB1490E9AB00075501 /* Foundation.framework */; };
		599470BE1490E9AB00075501 /* CoreGraphics.framework in Frameworks */ = {isa = PBXBuildFile; fileRef = 599470BD1490E9AB00075501 /* CoreGraphics.framework */; };
		599470C41490E9AB00075501 /* InfoPlist.strings in Resources */ = {isa = PBXBuildFile; fileRef = 599470C21490E9AB00075501 /* InfoPlist.strings */; };
		599470C61490E9AB00075501 /* main.m in Sources */ = {isa = PBXBuildFile; fileRef = 599470C51490E9AB00075501 /* main.m */; };
		599470CA1490E9AB00075501 /* AppDelegate.m in Sources */ = {isa = PBXBuildFile; fileRef = 599470C91490E9AB00075501 /* AppDelegate.m */; };
		599470CD1490E9AB00075501 /* ViewController.m in Sources */ = {isa = PBXBuildFile; fileRef = 599470CC1490E9AB00075501 /* ViewController.m */; };
		599470D01490E9AB00075501 /* ViewController.xib in Resources */ = {isa = PBXBuildFile; fileRef = 599470CE1490E9AB00075501 /* ViewController.xib */; };
		599470D81490E9AB00075501 /* SenTestingKit.framework in Frameworks */ = {isa = PBXBuildFile; fileRef = 599470D71490E9AB00075501 /* SenTestingKit.framework */; };
		599470D91490E9AB00075501 /* UIKit.framework in Frameworks */ = {isa = PBXBuildFile; fileRef = 599470B91490E9AB00075501 /* UIKit.framework */; };
		599470DA1490E9AB00075501 /* Foundation.framework in Frameworks */ = {isa = PBXBuildFile; fileRef = 599470BB1490E9AB00075501 /* Foundation.framework */; };
		599470E21490E9AB00075501 /* InfoPlist.strings in Resources */ = {isa = PBXBuildFile; fileRef = 599470E01490E9AB00075501 /* InfoPlist.strings */; };
		599470E51490E9AB00075501 /* mferTests.m in Sources */ = {isa = PBXBuildFile; fileRef = 599470E41490E9AB00075501 /* mferTests.m */; };
		59B6F88D1490EA1E001ADE54 /* ready.png in Resources */ = {isa = PBXBuildFile; fileRef = 59B6F88C1490EA1E001ADE54 /* ready.png */; };
		59B6F8941490F3BF001ADE54 /* slot.png in Resources */ = {isa = PBXBuildFile; fileRef = 59B6F8931490F3BF001ADE54 /* slot.png */; };
/* End PBXBuildFile section */

/* Begin PBXContainerItemProxy section */
		599470DB1490E9AB00075501 /* PBXContainerItemProxy */ = {
			isa = PBXContainerItemProxy;
			containerPortal = 599470AC1490E9AB00075501 /* Project object */;
			proxyType = 1;
			remoteGlobalIDString = 599470B41490E9AB00075501;
			remoteInfo = mfer;
		};
/* End PBXContainerItemProxy section */

/* Begin PBXFileReference section */
		597FD613149100A800D17F10 /* done.png */ = {isa = PBXFileReference; lastKnownFileType = image.png; path = done.png; sourceTree = "<group>"; };
		599470B51490E9AB00075501 /* Magnet.app */ = {isa = PBXFileReference; explicitFileType = wrapper.application; includeInIndex = 0; path = Magnet.app; sourceTree = BUILT_PRODUCTS_DIR; };
		599470B91490E9AB00075501 /* UIKit.framework */ = {isa = PBXFileReference; lastKnownFileType = wrapper.framework; name = UIKit.framework; path = System/Library/Frameworks/UIKit.framework; sourceTree = SDKROOT; };
		599470BB1490E9AB00075501 /* Foundation.framework */ = {isa = PBXFileReference; lastKnownFileType = wrapper.framework; name = Foundation.framework; path = System/Library/Frameworks/Foundation.framework; sourceTree = SDKROOT; };
		599470BD1490E9AB00075501 /* CoreGraphics.framework */ = {isa = PBXFileReference; lastKnownFileType = wrapper.framework; name = CoreGraphics.framework; path = System/Library/Frameworks/CoreGraphics.framework; sourceTree = SDKROOT; };
		599470C11490E9AB00075501 /* Magnet-Info.plist */ = {isa = PBXFileReference; lastKnownFileType = text.plist.xml; path = "Magnet-Info.plist"; sourceTree = "<group>"; };
		599470C31490E9AB00075501 /* en */ = {isa = PBXFileReference; lastKnownFileType = text.plist.strings; name = en; path = en.lproj/InfoPlist.strings; sourceTree = "<group>"; };
		599470C51490E9AB00075501 /* main.m */ = {isa = PBXFileReference; lastKnownFileType = sourcecode.c.objc; path = main.m; sourceTree = "<group>"; };
		599470C71490E9AB00075501 /* Magnet-Prefix.pch */ = {isa = PBXFileReference; lastKnownFileType = sourcecode.c.h; path = "Magnet-Prefix.pch"; sourceTree = "<group>"; };
		599470C81490E9AB00075501 /* AppDelegate.h */ = {isa = PBXFileReference; lastKnownFileType = sourcecode.c.h; path = AppDelegate.h; sourceTree = "<group>"; };
		599470C91490E9AB00075501 /* AppDelegate.m */ = {isa = PBXFileReference; lastKnownFileType = sourcecode.c.objc; path = AppDelegate.m; sourceTree = "<group>"; };
		599470CB1490E9AB00075501 /* ViewController.h */ = {isa = PBXFileReference; lastKnownFileType = sourcecode.c.h; path = ViewController.h; sourceTree = "<group>"; };
		599470CC1490E9AB00075501 /* ViewController.m */ = {isa = PBXFileReference; lastKnownFileType = sourcecode.c.objc; path = ViewController.m; sourceTree = "<group>"; };
		599470CF1490E9AB00075501 /* en */ = {isa = PBXFileReference; lastKnownFileType = file.xib; name = en; path = en.lproj/ViewController.xib; sourceTree = "<group>"; };
		599470D61490E9AB00075501 /* MagnetTests.octest */ = {isa = PBXFileReference; explicitFileType = wrapper.cfbundle; includeInIndex = 0; path = MagnetTests.octest; sourceTree = BUILT_PRODUCTS_DIR; };
		599470D71490E9AB00075501 /* SenTestingKit.framework */ = {isa = PBXFileReference; lastKnownFileType = wrapper.framework; name = SenTestingKit.framework; path = Library/Frameworks/SenTestingKit.framework; sourceTree = DEVELOPER_DIR; };
		599470DF1490E9AB00075501 /* MagnetTests-Info.plist */ = {isa = PBXFileReference; lastKnownFileType = text.plist.xml; path = "MagnetTests-Info.plist"; sourceTree = "<group>"; };
		599470E11490E9AB00075501 /* en */ = {isa = PBXFileReference; lastKnownFileType = text.plist.strings; name = en; path = en.lproj/InfoPlist.strings; sourceTree = "<group>"; };
		599470E31490E9AB00075501 /* mferTests.h */ = {isa = PBXFileReference; lastKnownFileType = sourcecode.c.h; path = mferTests.h; sourceTree = "<group>"; };
		599470E41490E9AB00075501 /* mferTests.m */ = {isa = PBXFileReference; lastKnownFileType = sourcecode.c.objc; path = mferTests.m; sourceTree = "<group>"; };
		59B6F88C1490EA1E001ADE54 /* ready.png */ = {isa = PBXFileReference; lastKnownFileType = image.png; path = ready.png; sourceTree = "<group>"; };
		59B6F8931490F3BF001ADE54 /* slot.png */ = {isa = PBXFileReference; lastKnownFileType = image.png; path = slot.png; sourceTree = "<group>"; };
/* End PBXFileReference section */

/* Begin PBXFrameworksBuildPhase section */
		599470B21490E9AB00075501 /* Frameworks */ = {
			isa = PBXFrameworksBuildPhase;
			buildActionMask = 2147483647;
			files = (
				599470BA1490E9AB00075501 /* UIKit.framework in Frameworks */,
				599470BC1490E9AB00075501 /* Foundation.framework in Frameworks */,
				599470BE1490E9AB00075501 /* CoreGraphics.framework in Frameworks */,
			);
			runOnlyForDeploymentPostprocessing = 0;
		};
		599470D21490E9AB00075501 /* Frameworks */ = {
			isa = PBXFrameworksBuildPhase;
			buildActionMask = 2147483647;
			files = (
				599470D81490E9AB00075501 /* SenTestingKit.framework in Frameworks */,
				599470D91490E9AB00075501 /* UIKit.framework in Frameworks */,
				599470DA1490E9AB00075501 /* Foundation.framework in Frameworks */,
			);
			runOnlyForDeploymentPostprocessing = 0;
		};
/* End PBXFrameworksBuildPhase section */

/* Begin PBXGroup section */
		599470AA1490E9AB00075501 = {
			isa = PBXGroup;
			children = (
				599470BF1490E9AB00075501 /* Magnet */,
				599470DD1490E9AB00075501 /* mferTests */,
				599470B81490E9AB00075501 /* Frameworks */,
				599470B61490E9AB00075501 /* Products */,
			);
			sourceTree = "<group>";
		};
		599470B61490E9AB00075501 /* Products */ = {
			isa = PBXGroup;
			children = (
				599470B51490E9AB00075501 /* Magnet.app */,
				599470D61490E9AB00075501 /* MagnetTests.octest */,
			);
			name = Products;
			sourceTree = "<group>";
		};
		599470B81490E9AB00075501 /* Frameworks */ = {
			isa = PBXGroup;
			children = (
				599470B91490E9AB00075501 /* UIKit.framework */,
				599470BB1490E9AB00075501 /* Foundation.framework */,
				599470BD1490E9AB00075501 /* CoreGraphics.framework */,
				599470D71490E9AB00075501 /* SenTestingKit.framework */,
			);
			name = Frameworks;
			sourceTree = "<group>";
		};
		599470BF1490E9AB00075501 /* Magnet */ = {
			isa = PBXGroup;
			children = (
				599470C81490E9AB00075501 /* AppDelegate.h */,
				599470C91490E9AB00075501 /* AppDelegate.m */,
				599470CB1490E9AB00075501 /* ViewController.h */,
				599470CC1490E9AB00075501 /* ViewController.m */,
				599470CE1490E9AB00075501 /* ViewController.xib */,
				59B6F8951490FC7C001ADE54 /* Images */,
				599470C01490E9AB00075501 /* Supporting Files */,
			);
			name = Magnet;
			path = mfer;
			sourceTree = "<group>";
		};
		599470C01490E9AB00075501 /* Supporting Files */ = {
			isa = PBXGroup;
			children = (
				599470C11490E9AB00075501 /* Magnet-Info.plist */,
				599470C21490E9AB00075501 /* InfoPlist.strings */,
				599470C51490E9AB00075501 /* main.m */,
				599470C71490E9AB00075501 /* Magnet-Prefix.pch */,
			);
			name = "Supporting Files";
			sourceTree = "<group>";
		};
		599470DD1490E9AB00075501 /* mferTests */ = {
			isa = PBXGroup;
			children = (
				599470E31490E9AB00075501 /* mferTests.h */,
				599470E41490E9AB00075501 /* mferTests.m */,
				599470DE1490E9AB00075501 /* Supporting Files */,
			);
			path = mferTests;
			sourceTree = "<group>";
		};
		599470DE1490E9AB00075501 /* Supporting Files */ = {
			isa = PBXGroup;
			children = (
				599470DF1490E9AB00075501 /* MagnetTests-Info.plist */,
				599470E01490E9AB00075501 /* InfoPlist.strings */,
			);
			name = "Supporting Files";
			sourceTree = "<group>";
		};
		59B6F8951490FC7C001ADE54 /* Images */ = {
			isa = PBXGroup;
			children = (
				597FD613149100A800D17F10 /* done.png */,
				59B6F8931490F3BF001ADE54 /* slot.png */,
				59B6F88C1490EA1E001ADE54 /* ready.png */,
			);
			name = Images;
			path = ..;
			sourceTree = "<group>";
		};
/* End PBXGroup section */

/* Begin PBXNativeTarget section */
		599470B41490E9AB00075501 /* Magnet */ = {
			isa = PBXNativeTarget;
			buildConfigurationList = 599470E81490E9AB00075501 /* Build configuration list for PBXNativeTarget "Magnet" */;
			buildPhases = (
				599470B11490E9AB00075501 /* Sources */,
				599470B21490E9AB00075501 /* Frameworks */,
				599470B31490E9AB00075501 /* Resources */,
			);
			buildRules = (
			);
			dependencies = (
			);
			name = Magnet;
			productName = mfer;
			productReference = 599470B51490E9AB00075501 /* Magnet.app */;
			productType = "com.apple.product-type.application";
		};
		599470D51490E9AB00075501 /* MagnetTests */ = {
			isa = PBXNativeTarget;
			buildConfigurationList = 599470EB1490E9AB00075501 /* Build configuration list for PBXNativeTarget "MagnetTests" */;
			buildPhases = (
				599470D11490E9AB00075501 /* Sources */,
				599470D21490E9AB00075501 /* Frameworks */,
				599470D31490E9AB00075501 /* Resources */,
				599470D41490E9AB00075501 /* ShellScript */,
			);
			buildRules = (
			);
			dependencies = (
				599470DC1490E9AB00075501 /* PBXTargetDependency */,
			);
			name = MagnetTests;
			productName = mferTests;
			productReference = 599470D61490E9AB00075501 /* MagnetTests.octest */;
			productType = "com.apple.product-type.bundle";
		};
/* End PBXNativeTarget section */

/* Begin PBXProject section */
		599470AC1490E9AB00075501 /* Project object */ = {
			isa = PBXProject;
			attributes = {
				LastUpgradeCheck = 0420;
			};
			buildConfigurationList = 599470AF1490E9AB00075501 /* Build configuration list for PBXProject "Magnet" */;
			compatibilityVersion = "Xcode 3.2";
			developmentRegion = English;
			hasScannedForEncodings = 0;
			knownRegions = (
				en,
			);
			mainGroup = 599470AA1490E9AB00075501;
			productRefGroup = 599470B61490E9AB00075501 /* Products */;
			projectDirPath = "";
			projectRoot = "";
			targets = (
				599470B41490E9AB00075501 /* Magnet */,
				599470D51490E9AB00075501 /* MagnetTests */,
			);
		};
/* End PBXProject section */

/* Begin PBXResourcesBuildPhase section */
		599470B31490E9AB00075501 /* Resources */ = {
			isa = PBXResourcesBuildPhase;
			buildActionMask = 2147483647;
			files = (
				599470C41490E9AB00075501 /* InfoPlist.strings in Resources */,
				599470D01490E9AB00075501 /* ViewController.xib in Resources */,
				59B6F88D1490EA1E001ADE54 /* ready.png in Resources */,
				59B6F8941490F3BF001ADE54 /* slot.png in Resources */,
				597FD614149100A800D17F10 /* done.png in Resources */,
			);
			runOnlyForDeploymentPostprocessing = 0;
		};
		599470D31490E9AB00075501 /* Resources */ = {
			isa = PBXResourcesBuildPhase;
			buildActionMask = 2147483647;
			files = (
				599470E21490E9AB00075501 /* InfoPlist.strings in Resources */,
			);
			runOnlyForDeploymentPostprocessing = 0;
		};
/* End PBXResourcesBuildPhase section */

/* Begin PBXShellScriptBuildPhase section */
		599470D41490E9AB00075501 /* ShellScript */ = {
			isa = PBXShellScriptBuildPhase;
			buildActionMask = 2147483647;
			files = (
			);
			inputPaths = (
			);
			outputPaths = (
			);
			runOnlyForDeploymentPostprocessing = 0;
			shellPath = /bin/sh;
			shellScript = "# Run the unit tests in this test bundle.\n\"${SYSTEM_DEVELOPER_DIR}/Tools/RunUnitTests\"\n";
		};
/* End PBXShellScriptBuildPhase section */

/* Begin PBXSourcesBuildPhase section */
		599470B11490E9AB00075501 /* Sources */ = {
			isa = PBXSourcesBuildPhase;
			buildActionMask = 2147483647;
			files = (
				599470C61490E9AB00075501 /* main.m in Sources */,
				599470CA1490E9AB00075501 /* AppDelegate.m in Sources */,
				599470CD1490E9AB00075501 /* ViewController.m in Sources */,
			);
			runOnlyForDeploymentPostprocessing = 0;
		};
		599470D11490E9AB00075501 /* Sources */ = {
			isa = PBXSourcesBuildPhase;
			buildActionMask = 2147483647;
			files = (
				599470E51490E9AB00075501 /* mferTests.m in Sources */,
			);
			runOnlyForDeploymentPostprocessing = 0;
		};
/* End PBXSourcesBuildPhase section */

/* Begin PBXTargetDependency section */
		599470DC1490E9AB00075501 /* PBXTargetDependency */ = {
			isa = PBXTargetDependency;
			target = 599470B41490E9AB00075501 /* Magnet */;
			targetProxy = 599470DB1490E9AB00075501 /* PBXContainerItemProxy */;
		};
/* End PBXTargetDependency section */

/* Begin PBXVariantGroup section */
		599470C21490E9AB00075501 /* InfoPlist.strings */ = {
			isa = PBXVariantGroup;
			children = (
				599470C31490E9AB00075501 /* en */,
			);
			name = InfoPlist.strings;
			sourceTree = "<group>";
		};
		599470CE1490E9AB00075501 /* ViewController.xib */ = {
			isa = PBXVariantGroup;
			children = (
				599470CF1490E9AB00075501 /* en */,
			);
			name = ViewController.xib;
			sourceTree = "<group>";
		};
		599470E01490E9AB00075501 /* InfoPlist.strings */ = {
			isa = PBXVariantGroup;
			children = (
				599470E11490E9AB00075501 /* en */,
			);
			name = InfoPlist.strings;
			sourceTree = "<group>";
		};
/* End PBXVariantGroup section */

/* Begin XCBuildConfiguration section */
		599470E61490E9AB00075501 /* Debug */ = {
			isa = XCBuildConfiguration;
			buildSettings = {
				ALWAYS_SEARCH_USER_PATHS = NO;
				ARCHS = "$(ARCHS_STANDARD_32_BIT)";
				CLANG_ENABLE_OBJC_ARC = YES;
				"CODE_SIGN_IDENTITY[sdk=iphoneos*]" = "iPhone Developer";
				COPY_PHASE_STRIP = NO;
				GCC_C_LANGUAGE_STANDARD = gnu99;
				GCC_DYNAMIC_NO_PIC = NO;
				GCC_OPTIMIZATION_LEVEL = 0;
				GCC_PREPROCESSOR_DEFINITIONS = (
					"DEBUG=1",
					"$(inherited)",
				);
				GCC_SYMBOLS_PRIVATE_EXTERN = NO;
				GCC_VERSION = com.apple.compilers.llvm.clang.1_0;
				GCC_WARN_ABOUT_MISSING_PROTOTYPES = YES;
				GCC_WARN_ABOUT_RETURN_TYPE = YES;
				GCC_WARN_UNUSED_VARIABLE = YES;
				IPHONEOS_DEPLOYMENT_TARGET = 5.0;
				SDKROOT = iphoneos;
			};
			name = Debug;
		};
		599470E71490E9AB00075501 /* Release */ = {
			isa = XCBuildConfiguration;
			buildSettings = {
				ALWAYS_SEARCH_USER_PATHS = NO;
				ARCHS = "$(ARCHS_STANDARD_32_BIT)";
				CLANG_ENABLE_OBJC_ARC = YES;
				"CODE_SIGN_IDENTITY[sdk=iphoneos*]" = "iPhone Developer";
				COPY_PHASE_STRIP = YES;
				GCC_C_LANGUAGE_STANDARD = gnu99;
				GCC_VERSION = com.apple.compilers.llvm.clang.1_0;
				GCC_WARN_ABOUT_MISSING_PROTOTYPES = YES;
				GCC_WARN_ABOUT_RETURN_TYPE = YES;
				GCC_WARN_UNUSED_VARIABLE = YES;
				IPHONEOS_DEPLOYMENT_TARGET = 5.0;
				OTHER_CFLAGS = "-DNS_BLOCK_ASSERTIONS=1";
				SDKROOT = iphoneos;
				VALIDATE_PRODUCT = YES;
			};
			name = Release;
		};
		599470E91490E9AB00075501 /* Debug */ = {
			isa = XCBuildConfiguration;
			buildSettings = {
				GCC_PRECOMPILE_PREFIX_HEADER = YES;
				GCC_PREFIX_HEADER = "mfer/Magnet-Prefix.pch";
				INFOPLIST_FILE = "mfer/Magnet-Info.plist";
				PRODUCT_NAME = Magnet;
				WRAPPER_EXTENSION = app;
			};
			name = Debug;
		};
		599470EA1490E9AB00075501 /* Release */ = {
			isa = XCBuildConfiguration;
			buildSettings = {
				GCC_PRECOMPILE_PREFIX_HEADER = YES;
				GCC_PREFIX_HEADER = "mfer/Magnet-Prefix.pch";
				INFOPLIST_FILE = "mfer/Magnet-Info.plist";
				PRODUCT_NAME = Magnet;
				WRAPPER_EXTENSION = app;
			};
			name = Release;
		};
		599470EC1490E9AB00075501 /* Debug */ = {
			isa = XCBuildConfiguration;
			buildSettings = {
				BUNDLE_LOADER = "$(BUILT_PRODUCTS_DIR)/mfer.app/mfer";
				FRAMEWORK_SEARCH_PATHS = (
					"$(SDKROOT)/Developer/Library/Frameworks",
					"$(DEVELOPER_LIBRARY_DIR)/Frameworks",
				);
				GCC_PRECOMPILE_PREFIX_HEADER = YES;
				GCC_PREFIX_HEADER = "mfer/mfer-Prefix.pch";
				INFOPLIST_FILE = "mferTests/MagnetTests-Info.plist";
				PRODUCT_NAME = MagnetTests;
				TEST_HOST = "$(BUNDLE_LOADER)";
				WRAPPER_EXTENSION = octest;
			};
			name = Debug;
		};
		599470ED1490E9AB00075501 /* Release */ = {
			isa = XCBuildConfiguration;
			buildSettings = {
				BUNDLE_LOADER = "$(BUILT_PRODUCTS_DIR)/mfer.app/mfer";
				FRAMEWORK_SEARCH_PATHS = (
					"$(SDKROOT)/Developer/Library/Frameworks",
					"$(DEVELOPER_LIBRARY_DIR)/Frameworks",
				);
				GCC_PRECOMPILE_PREFIX_HEADER = YES;
				GCC_PREFIX_HEADER = "mfer/mfer-Prefix.pch";
				INFOPLIST_FILE = "mferTests/MagnetTests-Info.plist";
				PRODUCT_NAME = MagnetTests;
				TEST_HOST = "$(BUNDLE_LOADER)";
				WRAPPER_EXTENSION = octest;
			};
			name = Release;
		};
/* End XCBuildConfiguration section */

/* Begin XCConfigurationList section */
		599470AF1490E9AB00075501 /* Build configuration list for PBXProject "Magnet" */ = {
			isa = XCConfigurationList;
			buildConfigurations = (
				599470E61490E9AB00075501 /* Debug */,
				599470E71490E9AB00075501 /* Release */,
			);
			defaultConfigurationIsVisible = 0;
			defaultConfigurationName = Release;
		};
		599470E81490E9AB00075501 /* Build configuration list for PBXNativeTarget "Magnet" */ = {
			isa = XCConfigurationList;
			buildConfigurations = (
				599470E91490E9AB00075501 /* Debug */,
				599470EA1490E9AB00075501 /* Release */,
			);
			defaultConfigurationIsVisible = 0;
			defaultConfigurationName = Release;
		};
		599470EB1490E9AB00075501 /* Build configuration list for PBXNativeTarget "MagnetTests" */ = {
			isa = XCConfigurationList;
			buildConfigurations = (
				599470EC1490E9AB00075501 /* Debug */,
				599470ED1490E9AB00075501 /* Release */,
			);
			defaultConfigurationIsVisible = 0;
			defaultConfigurationName = Release;
		};
/* End XCConfigurationList section */
	};
	rootObject = 599470AC1490E9AB00075501 /* Project object */;
}
